<?xml version="1.0" encoding="utf-8"?>
<Project ToolsVersion="4.0" xmlns="http://schemas.microsoft.com/developer/msbuild/2003">
  <ItemGroup>
    <Filter Include="json-schema">
      <UniqueIdentifier>{410bea80-2943-41c7-9300-53114f9f2be6}</UniqueIdentifier>
    </Filter>
    <Filter Include="include">
      <UniqueIdentifier>{094ff56c-7732-46f6-8483-474ee936b946}</UniqueIdentifier>
    </Filter>
    <Filter Include="src">
      <UniqueIdentifier>{3a535da5-1806-43bb-ac49-96b8f51431ec}</UniqueIdentifier>
    </Filter>
  </ItemGroup>
  <ItemGroup>
    <ClInclude Include="include\DigitalInput.h">
      <Filter>include</Filter>
    </ClInclude>
    <ClInclude Include="include\DigitalOutput.h">
      <Filter>include</Filter>
    </ClInclude>
    <ClInclude Include="include\DomoticAPI.h">
      <Filter>include</Filter>
    </ClInclude>
    <ClInclude Include="include\DomoticNode.h">
      <Filter>include</Filter>
    </ClInclude>
    <ClInclude Include="include\domoticPi.h">
      <Filter>include</Filter>
    </ClInclude>
    <ClInclude Include="include\domoticPiDefine.h">
      <Filter>include</Filter>
    </ClInclude>
    <ClInclude Include="include\exceptions.h">
      <Filter>include</Filter>
    </ClInclude>
    <ClInclude Include="include\Input.h">
      <Filter>include</Filter>
    </ClInclude>
    <ClInclude Include="include\Module.h">
      <Filter>include</Filter>
    </ClInclude>
    <ClInclude Include="include\Output.h">
      <Filter>include</Filter>
    </ClInclude>
    <ClInclude Include="include\OutState.h">
      <Filter>include</Filter>
    </ClInclude>
    <ClInclude Include="include\Pin.h">
      <Filter>include</Filter>
    </ClInclude>
    <ClInclude Include="include\SerialInterface.h">
      <Filter>include</Filter>
    </ClInclude>
    <ClInclude Include="include\Serializable.h">
      <Filter>include</Filter>
    </ClInclude>
    <ClInclude Include="include\SerialOutput.h">
      <Filter>include</Filter>
    </ClInclude>
    <ClInclude Include="include\libDomoticPi.h">
      <Filter>include</Filter>
    </ClInclude>
    <ClInclude Include="include\IAHKAccessory.h">
      <Filter>include</Filter>
    </ClInclude>
  </ItemGroup>
  <ItemGroup>
    <None Include="json-schema\Input.json">
      <Filter>json-schema</Filter>
    </None>
    <None Include="json-schema\Output.json">
      <Filter>json-schema</Filter>
    </None>
    <None Include="json-schema\pinNumber.json">
      <Filter>json-schema</Filter>
    </None>
    <None Include="json-schema\SerialInterface.json">
      <Filter>json-schema</Filter>
    </None>
    <None Include="json-schema\syspath.json">
      <Filter>json-schema</Filter>
    </None>
    <None Include="json-schema\DomoticNode.json">
      <Filter>json-schema</Filter>
    </None>
    <None Include="json-schema\ioBinding.json">
      <Filter>json-schema</Filter>
    </None>
  </ItemGroup>
  <ItemGroup>
    <Text Include="CMakeLists.txt" />
  </ItemGroup>
  <ItemGroup>
    <ClCompile Include="srcs\DigitalInput.cpp">
      <Filter>src</Filter>
    </ClCompile>
    <ClCompile Include="srcs\DigitalOutput.cpp">
      <Filter>src</Filter>
    </ClCompile>
    <ClCompile Include="srcs\DomoticNode.cpp">
      <Filter>src</Filter>
    </ClCompile>
    <ClCompile Include="srcs\domoticPi.cpp">
      <Filter>src</Filter>
    </ClCompile>
    <ClCompile Include="srcs\Input.cpp">
      <Filter>src</Filter>
    </ClCompile>
    <ClCompile Include="srcs\Output.cpp">
      <Filter>src</Filter>
    </ClCompile>
    <ClCompile Include="srcs\Pin.cpp">
      <Filter>src</Filter>
    </ClCompile>
    <ClCompile Include="srcs\SerialInterface.cpp">
      <Filter>src</Filter>
    </ClCompile>
    <ClCompile Include="srcs\SerialOutput.cpp">
      <Filter>src</Filter>
    </ClCompile>
  </ItemGroup>
</Project>