<?xml version="1.0" encoding="utf-8"?>
<Project ToolsVersion="4.0" xmlns="http://schemas.microsoft.com/developer/msbuild/2003">
  <ItemGroup>
    <Filter Include="json-schema">
      <UniqueIdentifier>{410bea80-2943-41c7-9300-53114f9f2be6}</UniqueIdentifier>
    </Filter>
    <Filter Include="include">
      <UniqueIdentifier>{094ff56c-7732-46f6-8483-474ee936b946}</UniqueIdentifier>
    </Filter>
    <Filter Include="srcs">
      <UniqueIdentifier>{3a535da5-1806-43bb-ac49-96b8f51431ec}</UniqueIdentifier>
    </Filter>
  </ItemGroup>
  <ItemGroup>
    <ClInclude Include="include\DomoticNode.h">
      <Filter>include</Filter>
    </ClInclude>
    <ClInclude Include="include\domoticPi.h">
      <Filter>include</Filter>
    </ClInclude>
    <ClInclude Include="include\domoticPiDefine.h">
      <Filter>include</Filter>
    </ClInclude>
    <ClInclude Include="include\exceptions.h">
      <Filter>include</Filter>
    </ClInclude>
    <ClInclude Include="include\Pin.h">
      <Filter>include</Filter>
    </ClInclude>
    <ClInclude Include="include\SerialInterface.h">
      <Filter>include</Filter>
    </ClInclude>
    <ClInclude Include="include\Serializable.h">
      <Filter>include</Filter>
    </ClInclude>
    <ClInclude Include="include\SerialOutput.h">
      <Filter>include</Filter>
    </ClInclude>
    <ClInclude Include="include\libDomoticPi.h">
      <Filter>include</Filter>
    </ClInclude>
    <ClInclude Include="include\IAHKAccessory.h">
      <Filter>include</Filter>
    </ClInclude>
    <ClInclude Include="include\MqttSubscription.h">
      <Filter>include</Filter>
    </ClInclude>
    <ClInclude Include="include\MqttLib.h">
      <Filter>include</Filter>
    </ClInclude>
    <ClInclude Include="include\MqttVolume.h">
      <Filter>include</Filter>
    </ClInclude>
    <ClInclude Include="include\OutputFactory.h">
      <Filter>include</Filter>
    </ClInclude>
    <ClInclude Include="include\IOutput.h">
      <Filter>include</Filter>
    </ClInclude>
    <ClInclude Include="include\OutState.h">
      <Filter>include</Filter>
    </ClInclude>
    <ClInclude Include="include\IModule.h">
      <Filter>include</Filter>
    </ClInclude>
    <ClInclude Include="include\IInput.h">
      <Filter>include</Filter>
    </ClInclude>
    <ClInclude Include="include\InputFactory.h">
      <Filter>include</Filter>
    </ClInclude>
    <ClInclude Include="include\IComm.h">
      <Filter>include</Filter>
    </ClInclude>
    <ClInclude Include="include\MqttComm.h">
      <Filter>include</Filter>
    </ClInclude>
    <ClInclude Include="include\CommFactory.h">
      <Filter>include</Filter>
    </ClInclude>
    <ClInclude Include="include\ButtonState.h">
      <Filter>include</Filter>
    </ClInclude>
    <ClInclude Include="include\CallbackToken.h">
      <Filter>include</Filter>
    </ClInclude>
    <ClInclude Include="include\IButtonStateGenerator.h">
      <Filter>include</Filter>
    </ClInclude>
    <ClInclude Include="include\MqttButton.h">
      <Filter>include</Filter>
    </ClInclude>
    <ClInclude Include="include\MqttSwitch.h">
      <Filter>include</Filter>
    </ClInclude>
    <ClInclude Include="include\DigitalSwitch.h">
      <Filter>include</Filter>
    </ClInclude>
    <ClInclude Include="include\DigitalButton.h">
      <Filter>include</Filter>
    </ClInclude>
    <ClInclude Include="include\ProgrammedEvent.h">
      <Filter>include</Filter>
    </ClInclude>
    <ClInclude Include="include\MqttAwning.h">
      <Filter>include</Filter>
    </ClInclude>
  </ItemGroup>
  <ItemGroup>
    <None Include="json-schema\Input.json">
      <Filter>json-schema</Filter>
    </None>
    <None Include="json-schema\Output.json">
      <Filter>json-schema</Filter>
    </None>
    <None Include="json-schema\pinNumber.json">
      <Filter>json-schema</Filter>
    </None>
    <None Include="json-schema\syspath.json">
      <Filter>json-schema</Filter>
    </None>
    <None Include="json-schema\DomoticNode.json">
      <Filter>json-schema</Filter>
    </None>
    <None Include="json-schema\Comm.json">
      <Filter>json-schema</Filter>
    </None>
    <None Include="json-schema\ProgrammedEvent.json">
      <Filter>json-schema</Filter>
    </None>
  </ItemGroup>
  <ItemGroup>
    <Text Include="CMakeLists.txt" />
  </ItemGroup>
  <ItemGroup>
    <ClCompile Include="srcs\DomoticNode.cpp">
      <Filter>srcs</Filter>
    </ClCompile>
    <ClCompile Include="srcs\domoticPi.cpp">
      <Filter>srcs</Filter>
    </ClCompile>
    <ClCompile Include="srcs\Pin.cpp">
      <Filter>srcs</Filter>
    </ClCompile>
    <ClCompile Include="srcs\SerialInterface.cpp">
      <Filter>srcs</Filter>
    </ClCompile>
    <ClCompile Include="srcs\SerialOutput.cpp">
      <Filter>srcs</Filter>
    </ClCompile>
    <ClCompile Include="srcs\MqttSubscription.cpp">
      <Filter>srcs</Filter>
    </ClCompile>
    <ClCompile Include="srcs\MqttLib.cpp">
      <Filter>srcs</Filter>
    </ClCompile>
    <ClCompile Include="srcs\InputFactory.cpp">
      <Filter>srcs</Filter>
    </ClCompile>
    <ClCompile Include="srcs\IInput.cpp">
      <Filter>srcs</Filter>
    </ClCompile>
    <ClCompile Include="srcs\IModule.cpp">
      <Filter>srcs</Filter>
    </ClCompile>
    <ClCompile Include="srcs\IOutput.cpp">
      <Filter>srcs</Filter>
    </ClCompile>
    <ClCompile Include="srcs\OutputFactory.cpp">
      <Filter>srcs</Filter>
    </ClCompile>
    <ClCompile Include="srcs\IAHKAccessory.cpp">
      <Filter>srcs</Filter>
    </ClCompile>
    <ClCompile Include="srcs\IComm.cpp">
      <Filter>srcs</Filter>
    </ClCompile>
    <ClCompile Include="srcs\MqttVolume.cpp">
      <Filter>srcs</Filter>
    </ClCompile>
    <ClCompile Include="srcs\MqttComm.cpp">
      <Filter>srcs</Filter>
    </ClCompile>
    <ClCompile Include="srcs\CommFactory.cpp">
      <Filter>srcs</Filter>
    </ClCompile>
    <ClCompile Include="srcs\IButtonStateGenerator.cpp">
      <Filter>srcs</Filter>
    </ClCompile>
    <ClCompile Include="srcs\CallbackToken.cpp">
      <Filter>srcs</Filter>
    </ClCompile>
    <ClCompile Include="srcs\DigitalSwitch.cpp">
      <Filter>srcs</Filter>
    </ClCompile>
    <ClCompile Include="srcs\DigitalButton.cpp">
      <Filter>srcs</Filter>
    </ClCompile>
    <ClCompile Include="srcs\MqttButton.cpp">
      <Filter>srcs</Filter>
    </ClCompile>
    <ClCompile Include="srcs\MqttSwitch.cpp">
      <Filter>srcs</Filter>
    </ClCompile>
    <ClCompile Include="srcs\ProgrammedEvent.cpp">
      <Filter>srcs</Filter>
    </ClCompile>
    <ClCompile Include="srcs\MqttAwning.cpp">
      <Filter>srcs</Filter>
    </ClCompile>
  </ItemGroup>
</Project>